
Microsoft Visual Studio Solution File, Format Version 12.00
# Visual Studio 2013
VisualStudioVersion = 12.0.30501.0
MinimumVisualStudioVersion = 10.0.40219.1
Project("{FAE04EC0-301F-11D3-BF4B-00C04F79EFBC}") = "scriptea_CA", "scriptea_CA\scriptea_CA.csproj", "{CE493DB7-A5DF-4DD4-BE56-F5958FFD623F}"
EndProject
Project("{FAE04EC0-301F-11D3-BF4B-00C04F79EFBC}") = "scriptea", "scriptea\scriptea.csproj", "{BF7158FE-D7BF-4A85-8EAF-95136D90B7E3}"
EndProject
Project("{FAE04EC0-301F-11D3-BF4B-00C04F79EFBC}") = "scriptea.test", "scriptea.test\scriptea.test.csproj", "{4736B622-BCC2-4357-83F9-53B0AA7CC851}"
EndProject
Global
	GlobalSection(SolutionConfigurationPlatforms) = preSolution
		Debug|Any CPU = Debug|Any CPU
		Release|Any CPU = Release|Any CPU
	EndGlobalSection
	GlobalSection(ProjectConfigurationPlatforms) = postSolution
		{CE493DB7-A5DF-4DD4-BE56-F5958FFD623F}.Debug|Any CPU.ActiveCfg = Debug|Any CPU
		{CE493DB7-A5DF-4DD4-BE56-F5958FFD623F}.Debug|Any CPU.Build.0 = Debug|Any CPU
		{CE493DB7-A5DF-4DD4-BE56-F5958FFD623F}.Release|Any CPU.ActiveCfg = Release|Any CPU
		{CE493DB7-A5DF-4DD4-BE56-F5958FFD623F}.Release|Any CPU.Build.0 = Release|Any CPU
		{BF7158FE-D7BF-4A85-8EAF-95136D90B7E3}.Debug|Any CPU.ActiveCfg = Debug|Any CPU
		{BF7158FE-D7BF-4A85-8EAF-95136D90B7E3}.Debug|Any CPU.Build.0 = Debug|Any CPU
		{BF7158FE-D7BF-4A85-8EAF-95136D90B7E3}.Release|Any CPU.ActiveCfg = Release|Any CPU
		{BF7158FE-D7BF-4A85-8EAF-95136D90B7E3}.Release|Any CPU.Build.0 = Release|Any CPU
		{4736B622-BCC2-4357-83F9-53B0AA7CC851}.Debug|Any CPU.ActiveCfg = Debug|Any CPU
		{4736B622-BCC2-4357-83F9-53B0AA7CC851}.Debug|Any CPU.Build.0 = Debug|Any CPU
		{4736B622-BCC2-4357-83F9-53B0AA7CC851}.Release|Any CPU.ActiveCfg = Release|Any CPU
		{4736B622-BCC2-4357-83F9-53B0AA7CC851}.Release|Any CPU.Build.0 = Release|Any CPU
	EndGlobalSection
	GlobalSection(SolutionProperties) = preSolution
		HideSolutionNode = FALSE
	EndGlobalSection
EndGlobal
